# THIS IS AN AUTOGENERATED FILE. DO NOT EDIT THIS FILE DIRECTLY.
# yarn lockfile v1


"@ungap/event-target@^0.2.2":
  version "0.2.2"
  resolved "https://registry.yarnpkg.com/@ungap/event-target/-/event-target-0.2.2.tgz#6543122625a0a793c5fa265f45717cd096b0fb7c"
  integrity sha512-z0bsRd8APns6CDBVEPEj3p82TiFc1UY8uWNhL+T0ydpQqnpHyPVwwgJ4FC5KP85sLbg80+g+h644UTatwKNi/g==

typescript@^3.9.7:
  version "3.9.7"
  resolved "https://registry.yarnpkg.com/typescript/-/typescript-3.9.7.tgz#98d600a5ebdc38f40cb277522f12dc800e9e25fa"
  integrity sha512-BLbiRkiBzAwsjut4x/dsibSTB6yWpwT5qWmC2OfuCg3GgVQCSgMs4vEctYPhsaGtd0AeuuHMkjZ2h2WG8MSzRw==
